// !$*UTF8*$!
{
	archiveVersion = 1;
	classes = {
	};
	objectVersion = 46;
	objects = {

/* Begin PBXBuildFile section */
		847CF88A1D34947100AA94DB /* AppDelegate.swift in Sources */ = {isa = PBXBuildFile; fileRef = 847CF8891D34947100AA94DB /* AppDelegate.swift */; };
		847CF88C1D34947100AA94DB /* ViewController.swift in Sources */ = {isa = PBXBuildFile; fileRef = 847CF88B1D34947100AA94DB /* ViewController.swift */; };
		847CF88F1D34947100AA94DB /* Main.storyboard in Resources */ = {isa = PBXBuildFile; fileRef = 847CF88D1D34947100AA94DB /* Main.storyboard */; };
		847CF8911D34947100AA94DB /* Assets.xcassets in Resources */ = {isa = PBXBuildFile; fileRef = 847CF8901D34947100AA94DB /* Assets.xcassets */; };
		847CF8941D34947100AA94DB /* LaunchScreen.storyboard in Resources */ = {isa = PBXBuildFile; fileRef = 847CF8921D34947100AA94DB /* LaunchScreen.storyboard */; };
/* End PBXBuildFile section */

/* Begin PBXFileReference section */
		847CF8861D34947000AA94DB /* CollectionViewinTableViewCellA1.app */ = {isa = PBXFileReference; explicitFileType = wrapper.application; includeInIndex = 0; path = CollectionViewinTableViewCellA1.app; sourceTree = BUILT_PRODUCTS_DIR; };
		847CF8891D34947100AA94DB /* AppDelegate.swift */ = {isa = PBXFileReference; lastKnownFileType = sourcecode.swift; path = AppDelegate.swift; sourceTree = "<group>"; };
		847CF88B1D34947100AA94DB /* ViewController.swift */ = {isa = PBXFileReference; lastKnownFileType = sourcecode.swift; path = ViewController.swift; sourceTree = "<group>"; };
		847CF88E1D34947100AA94DB /* Base */ = {isa = PBXFileReference; lastKnownFileType = file.storyboard; name = Base; path = Base.lproj/Main.storyboard; sourceTree = "<group>"; };
		847CF8901D34947100AA94DB /* Assets.xcassets */ = {isa = PBXFileReference; lastKnownFileType = folder.assetcatalog; path = Assets.xcassets; sourceTree = "<group>"; };
		847CF8931D34947100AA94DB /* Base */ = {isa = PBXFileReference; lastKnownFileType = file.storyboard; name = Base; path = Base.lproj/LaunchScreen.storyboard; sourceTree = "<group>"; };
		847CF8951D34947100AA94DB /* Info.plist */ = {isa = PBXFileReference; lastKnownFileType = text.plist.xml; path = Info.plist; sourceTree = "<group>"; };
/* End PBXFileReference section */

/* Begin PBXFrameworksBuildPhase section */
		847CF8831D34947000AA94DB /* Frameworks */ = {
			isa = PBXFrameworksBuildPhase;
			buildActionMask = 2147483647;
			files = (
			);
			runOnlyForDeploymentPostprocessing = 0;
		};
/* End PBXFrameworksBuildPhase section */

/* Begin PBXGroup section */
		847CF87D1D34947000AA94DB = {
			isa = PBXGroup;
			children = (
				847CF8881D34947100AA94DB /* CollectionViewinTableViewCellA1 */,
				847CF8871D34947000AA94DB /* Products */,
			);
			sourceTree = "<group>";
		};
		847CF8871D34947000AA94DB /* Products */ = {
			isa = PBXGroup;
			children = (
				847CF8861D34947000AA94DB /* CollectionViewinTableViewCellA1.app */,
			);
			name = Products;
			sourceTree = "<group>";
		};
		847CF8881D34947100AA94DB /* CollectionViewinTableViewCellA1 */ = {
			isa = PBXGroup;
			children = (
				847CF8891D34947100AA94DB /* AppDelegate.swift */,
				847CF88B1D34947100AA94DB /* ViewController.swift */,
				847CF88D1D34947100AA94DB /* Main.storyboard */,
				847CF8901D34947100AA94DB /* Assets.xcassets */,
				847CF8921D34947100AA94DB /* LaunchScreen.storyboard */,
				847CF8951D34947100AA94DB /* Info.plist */,
			);
			path = CollectionViewinTableViewCellA1;
			sourceTree = "<group>";
		};
/* End PBXGroup section */

/* Begin PBXNativeTarget section */
		847CF8851D34947000AA94DB /* CollectionViewinTableViewCellA1 */ = {
			isa = PBXNativeTarget;
			buildConfigurationList = 847CF8981D34947100AA94DB /* Build configuration list for PBXNativeTarget "CollectionViewinTableViewCellA1" */;
			buildPhases = (
				847CF8821D34947000AA94DB /* Sources */,
				847CF8831D34947000AA94DB /* Frameworks */,
				847CF8841D34947000AA94DB /* Resources */,
			);
			buildRules = (
			);
			dependencies = (
			);
			name = CollectionViewinTableViewCellA1;
			productName = CollectionViewinTableViewCellA1;
			productReference = 847CF8861D34947000AA94DB /* CollectionViewinTableViewCellA1.app */;
			productType = "com.apple.product-type.application";
		};
/* End PBXNativeTarget section */

/* Begin PBXProject section */
		847CF87E1D34947000AA94DB /* Project object */ = {
			isa = PBXProject;
			attributes = {
				LastSwiftUpdateCheck = 0730;
				LastUpgradeCheck = 0730;
				ORGANIZATIONNAME = All2Sale;
				TargetAttributes = {
					847CF8851D34947000AA94DB = {
						CreatedOnToolsVersion = 7.3.1;
						DevelopmentTeam = Z32K7UXVG2;
					};
				};
			};
			buildConfigurationList = 847CF8811D34947000AA94DB /* Build configuration list for PBXProject "CollectionViewinTableViewCellA1" */;
			compatibilityVersion = "Xcode 3.2";
			developmentRegion = English;
			hasScannedForEncodings = 0;
			knownRegions = (
				en,
				Base,
			);
			mainGroup = 847CF87D1D34947000AA94DB;
			productRefGroup = 847CF8871D34947000AA94DB /* Products */;
			projectDirPath = "";
			projectRoot = "";
			targets = (
				847CF8851D34947000AA94DB /* CollectionViewinTableViewCellA1 */,
			);
		};
/* End PBXProject section */

/* Begin PBXResourcesBuildPhase section */
		847CF8841D34947000AA94DB /* Resources */ = {
			isa = PBXResourcesBuildPhase;
			buildActionMask = 2147483647;
			files = (
				847CF8941D34947100AA94DB /* LaunchScreen.storyboard in Resources */,
				847CF8911D34947100AA94DB /* Assets.xcassets in Resources */,
				847CF88F1D34947100AA94DB /* Main.storyboard in Resources */,
			);
			runOnlyForDeploymentPostprocessing = 0;
		};
/* End PBXResourcesBuildPhase section */

/* Begin PBXSourcesBuildPhase section */
		847CF8821D34947000AA94DB /* Sources */ = {
			isa = PBXSourcesBuildPhase;
			buildActionMask = 2147483647;
			files = (
				847CF88C1D34947100AA94DB /* ViewController.swift in Sources */,
				847CF88A1D34947100AA94DB /* AppDelegate.swift in Sources */,
			);
			runOnlyForDeploymentPostprocessing = 0;
		};
/* End PBXSourcesBuildPhase section */

/* Begin PBXVariantGroup section */
		847CF88D1D34947100AA94DB /* Main.storyboard */ = {
			isa = PBXVariantGroup;
			children = (
				847CF88E1D34947100AA94DB /* Base */,
			);
			name = Main.storyboard;
			sourceTree = "<group>";
		};
		847CF8921D34947100AA94DB /* LaunchScreen.storyboard */ = {
			isa = PBXVariantGroup;
			children = (
				847CF8931D34947100AA94DB /* Base */,
			);
			name = LaunchScreen.storyboard;
			sourceTree = "<group>";
		};
/* End PBXVariantGroup section */

/* Begin XCBuildConfiguration section */
		847CF8961D34947100AA94DB /* Debug */ = {
			isa = XCBuildConfiguration;
			buildSettings = {
				ALWAYS_SEARCH_USER_PATHS = NO;
				CLANG_ANALYZER_NONNULL = YES;
				CLANG_CXX_LANGUAGE_STANDARD = "gnu++0x";
				CLANG_CXX_LIBRARY = "libc++";
				CLANG_ENABLE_MODULES = YES;
				CLANG_ENABLE_OBJC_ARC = YES;
				CLANG_WARN_BOOL_CONVERSION = YES;
				CLANG_WARN_CONSTANT_CONVERSION = YES;
				CLANG_WARN_DIRECT_OBJC_ISA_USAGE = YES_ERROR;
				CLANG_WARN_EMPTY_BODY = YES;
				CLANG_WARN_ENUM_CONVERSION = YES;
				CLANG_WARN_INT_CONVERSION = YES;
				CLANG_WARN_OBJC_ROOT_CLASS = YES_ERROR;
				CLANG_WARN_UNREACHABLE_CODE = YES;
				CLANG_WARN__DUPLICATE_METHOD_MATCH = YES;
				"CODE_SIGN_IDENTITY[sdk=iphoneos*]" = "iPhone Developer";
				COPY_PHASE_STRIP = NO;
				DEBUG_INFORMATION_FORMAT = dwarf;
				ENABLE_STRICT_OBJC_MSGSEND = YES;
				ENABLE_TESTABILITY = YES;
				GCC_C_LANGUAGE_STANDARD = gnu99;
				GCC_DYNAMIC_NO_PIC = NO;
				GCC_NO_COMMON_BLOCKS = YES;
				GCC_OPTIMIZATION_LEVEL = 0;
				GCC_PREPROCESSOR_DEFINITIONS = (
					"DEBUG=1",
					"$(inherited)",
				);
				GCC_WARN_64_TO_32_BIT_CONVERSION = YES;
				GCC_WARN_ABOUT_RETURN_TYPE = YES_ERROR;
				GCC_WARN_UNDECLARED_SELECTOR = YES;
				GCC_WARN_UNINITIALIZED_AUTOS = YES_AGGRESSIVE;
				GCC_WARN_UNUSED_FUNCTION = YES;
				GCC_WARN_UNUSED_VARIABLE = YES;
				IPHONEOS_DEPLOYMENT_TARGET = 9.3;
				MTL_ENABLE_DEBUG_INFO = YES;
				ONLY_ACTIVE_ARCH = YES;
				SDKROOT = iphoneos;
				SWIFT_OPTIMIZATION_LEVEL = "-Onone";
			};
			name = Debug;
		};
		847CF8971D34947100AA94DB /* Release */ = {
			isa = XCBuildConfiguration;
			buildSettings = {
				ALWAYS_SEARCH_USER_PATHS = NO;
				CLANG_ANALYZER_NONNULL = YES;
				CLANG_CXX_LANGUAGE_STANDARD = "gnu++0x";
				CLANG_CXX_LIBRARY = "libc++";
				CLANG_ENABLE_MODULES = YES;
				CLANG_ENABLE_OBJC_ARC = YES;
				CLANG_WARN_BOOL_CONVERSION = YES;
				CLANG_WARN_CONSTANT_CONVERSION = YES;
				CLANG_WARN_DIRECT_OBJC_ISA_USAGE = YES_ERROR;
				CLANG_WARN_EMPTY_BODY = YES;
				CLANG_WARN_ENUM_CONVERSION = YES;
				CLANG_WARN_INT_CONVERSION = YES;
				CLANG_WARN_OBJC_ROOT_CLASS = YES_ERROR;
				CLANG_WARN_UNREACHABLE_CODE = YES;
				CLANG_WARN__DUPLICATE_METHOD_MATCH = YES;
				"CODE_SIGN_IDENTITY[sdk=iphoneos*]" = "iPhone Developer";
				COPY_PHASE_STRIP = NO;
				DEBUG_INFORMATION_FORMAT = "dwarf-with-dsym";
				ENABLE_NS_ASSERTIONS = NO;
				ENABLE_STRICT_OBJC_MSGSEND = YES;
				GCC_C_LANGUAGE_STANDARD = gnu99;
				GCC_NO_COMMON_BLOCKS = YES;
				GCC_WARN_64_TO_32_BIT_CONVERSION = YES;
				GCC_WARN_ABOUT_RETURN_TYPE = YES_ERROR;
				GCC_WARN_UNDECLARED_SELECTOR = YES;
				GCC_WARN_UNINITIALIZED_AUTOS = YES_AGGRESSIVE;
				GCC_WARN_UNUSED_FUNCTION = YES;
				GCC_WARN_UNUSED_VARIABLE = YES;
				IPHONEOS_DEPLOYMENT_TARGET = 9.3;
				MTL_ENABLE_DEBUG_INFO = NO;
				SDKROOT = iphoneos;
				VALIDATE_PRODUCT = YES;
			};
			name = Release;
		};
		847CF8991D34947100AA94DB /* Debug */ = {
			isa = XCBuildConfiguration;
			buildSettings = {
				ASSETCATALOG_COMPILER_APPICON_NAME = AppIcon;
				INFOPLIST_FILE = CollectionViewinTableViewCellA1/Info.plist;
				LD_RUNPATH_SEARCH_PATHS = "$(inherited) @executable_path/Frameworks";
				PRODUCT_BUNDLE_IDENTIFIER = com.all2sale.CollectionViewinTableViewCellA1;
				PRODUCT_NAME = "$(TARGET_NAME)";
			};
			name = Debug;
		};
		847CF89A1D34947100AA94DB /* Release */ = {
			isa = XCBuildConfiguration;
			buildSettings = {
				ASSETCATALOG_COMPILER_APPICON_NAME = AppIcon;
				INFOPLIST_FILE = CollectionViewinTableViewCellA1/Info.plist;
				LD_RUNPATH_SEARCH_PATHS = "$(inherited) @executable_path/Frameworks";
				PRODUCT_BUNDLE_IDENTIFIER = com.all2sale.CollectionViewinTableViewCellA1;
				PRODUCT_NAME = "$(TARGET_NAME)";
			};
			name = Release;
		};
/* End XCBuildConfiguration section */

/* Begin XCConfigurationList section */
		847CF8811D34947000AA94DB /* Build configuration list for PBXProject "CollectionViewinTableViewCellA1" */ = {
			isa = XCConfigurationList;
			buildConfigurations = (
				847CF8961D34947100AA94DB /* Debug */,
				847CF8971D34947100AA94DB /* Release */,
			);
			defaultConfigurationIsVisible = 0;
			defaultConfigurationName = Release;
		};
		847CF8981D34947100AA94DB /* Build configuration list for PBXNativeTarget "CollectionViewinTableViewCellA1" */ = {
			isa = XCConfigurationList;
			buildConfigurations = (
				847CF8991D34947100AA94DB /* Debug */,
				847CF89A1D34947100AA94DB /* Release */,
			);
			defaultConfigurationIsVisible = 0;
		};
/* End XCConfigurationList section */
	};
	rootObject = 847CF87E1D34947000AA94DB /* Project object */;
}
